
Microsoft Visual Studio Solution File, Format Version 12.00
# Visual Studio Version 16
VisualStudioVersion = 16.0.29503.13
MinimumVisualStudioVersion = 10.0.40219.1
Project("{FAE04EC0-301F-11D3-BF4B-00C04F79EFBC}") = "SeleniumTests", "SeleniumTests\SeleniumTests.csproj", "{36EBBAFC-C273-4E2F-8438-1A959F334DD5}"
EndProject
Project("{FAE04EC0-301F-11D3-BF4B-00C04F79EFBC}") = "IntegrationTests", "IntegrationTests\IntegrationTests.csproj", "{6E52BD51-D380-45F8-8B41-F033EC91A18F}"
EndProject
Global
	GlobalSection(SolutionConfigurationPlatforms) = preSolution
		Debug|Any CPU = Debug|Any CPU
		Release|Any CPU = Release|Any CPU
	EndGlobalSection
	GlobalSection(ProjectConfigurationPlatforms) = postSolution
		{36EBBAFC-C273-4E2F-8438-1A959F334DD5}.Debug|Any CPU.ActiveCfg = Debug|Any CPU
		{36EBBAFC-C273-4E2F-8438-1A959F334DD5}.Debug|Any CPU.Build.0 = Debug|Any CPU
		{36EBBAFC-C273-4E2F-8438-1A959F334DD5}.Release|Any CPU.ActiveCfg = Release|Any CPU
		{36EBBAFC-C273-4E2F-8438-1A959F334DD5}.Release|Any CPU.Build.0 = Release|Any CPU
		{6E52BD51-D380-45F8-8B41-F033EC91A18F}.Debug|Any CPU.ActiveCfg = Debug|Any CPU
		{6E52BD51-D380-45F8-8B41-F033EC91A18F}.Debug|Any CPU.Build.0 = Debug|Any CPU
		{6E52BD51-D380-45F8-8B41-F033EC91A18F}.Release|Any CPU.ActiveCfg = Release|Any CPU
		{6E52BD51-D380-45F8-8B41-F033EC91A18F}.Release|Any CPU.Build.0 = Release|Any CPU
	EndGlobalSection
	GlobalSection(SolutionProperties) = preSolution
		HideSolutionNode = FALSE
	EndGlobalSection
	GlobalSection(ExtensibilityGlobals) = postSolution
		SolutionGuid = {008AC4D5-0943-4598-886F-C4820EA9C66B}
	EndGlobalSection
EndGlobal
