
Microsoft Visual Studio Solution File, Format Version 12.00
# Visual Studio Version 16
VisualStudioVersion = 16.0.29306.81
MinimumVisualStudioVersion = 10.0.40219.1
Project("{FAE04EC0-301F-11D3-BF4B-00C04F79EFBC}") = "PresentationTasks", "PresentationTasks\PresentationTasks.csproj", "{D4E5531A-27DB-4291-981C-AD9D525209F5}"
EndProject
Project("{FAE04EC0-301F-11D3-BF4B-00C04F79EFBC}") = "DragAndDropGuru99", "DragAndDropGuru99\DragAndDropGuru99.csproj", "{706A1F30-E6E8-4CC4-B4BD-F582D8FA410E}"
EndProject
Global
	GlobalSection(SolutionConfigurationPlatforms) = preSolution
		Debug|Any CPU = Debug|Any CPU
		Release|Any CPU = Release|Any CPU
	EndGlobalSection
	GlobalSection(ProjectConfigurationPlatforms) = postSolution
		{D4E5531A-27DB-4291-981C-AD9D525209F5}.Debug|Any CPU.ActiveCfg = Debug|Any CPU
		{D4E5531A-27DB-4291-981C-AD9D525209F5}.Debug|Any CPU.Build.0 = Debug|Any CPU
		{D4E5531A-27DB-4291-981C-AD9D525209F5}.Release|Any CPU.ActiveCfg = Release|Any CPU
		{D4E5531A-27DB-4291-981C-AD9D525209F5}.Release|Any CPU.Build.0 = Release|Any CPU
		{706A1F30-E6E8-4CC4-B4BD-F582D8FA410E}.Debug|Any CPU.ActiveCfg = Debug|Any CPU
		{706A1F30-E6E8-4CC4-B4BD-F582D8FA410E}.Debug|Any CPU.Build.0 = Debug|Any CPU
		{706A1F30-E6E8-4CC4-B4BD-F582D8FA410E}.Release|Any CPU.ActiveCfg = Release|Any CPU
		{706A1F30-E6E8-4CC4-B4BD-F582D8FA410E}.Release|Any CPU.Build.0 = Release|Any CPU
	EndGlobalSection
	GlobalSection(SolutionProperties) = preSolution
		HideSolutionNode = FALSE
	EndGlobalSection
	GlobalSection(ExtensibilityGlobals) = postSolution
		SolutionGuid = {28BA996D-C2B1-49E5-8996-1F7BB0A096F8}
	EndGlobalSection
EndGlobal
