
Microsoft Visual Studio Solution File, Format Version 12.00
# Visual Studio Version 16
VisualStudioVersion = 16.0.29424.173
MinimumVisualStudioVersion = 10.0.40219.1
Project("{9A19103F-16F7-4668-BE54-9A1E7A4F7556}") = "Library", "Library\Library.csproj", "{DFC98192-70CB-4EF3-893E-435239AC6FD3}"
EndProject
Global
	GlobalSection(SolutionConfigurationPlatforms) = preSolution
		Debug|Any CPU = Debug|Any CPU
		Release|Any CPU = Release|Any CPU
	EndGlobalSection
	GlobalSection(ProjectConfigurationPlatforms) = postSolution
		{DFC98192-70CB-4EF3-893E-435239AC6FD3}.Debug|Any CPU.ActiveCfg = Debug|Any CPU
		{DFC98192-70CB-4EF3-893E-435239AC6FD3}.Debug|Any CPU.Build.0 = Debug|Any CPU
		{DFC98192-70CB-4EF3-893E-435239AC6FD3}.Release|Any CPU.ActiveCfg = Release|Any CPU
		{DFC98192-70CB-4EF3-893E-435239AC6FD3}.Release|Any CPU.Build.0 = Release|Any CPU
	EndGlobalSection
	GlobalSection(SolutionProperties) = preSolution
		HideSolutionNode = FALSE
	EndGlobalSection
	GlobalSection(ExtensibilityGlobals) = postSolution
		SolutionGuid = {51EC08B4-AB7D-471F-B232-B9D990B14F62}
	EndGlobalSection
EndGlobal
